// !$*UTF8*$!
{
	archiveVersion = 1;
	classes = {
	};
	objectVersion = 46;
	objects = {

/* Begin PBXBuildFile section */
		523E31051D4B240600377F10 /* CoreDataHelper.swift in Sources */ = {isa = PBXBuildFile; fileRef = 523E31041D4B240600377F10 /* CoreDataHelper.swift */; };
		523E31071D4B244000377F10 /* RegisterViewController.swift in Sources */ = {isa = PBXBuildFile; fileRef = 523E31061D4B244000377F10 /* RegisterViewController.swift */; };
		523E31091D4B27C000377F10 /* backgrnd1.jpg in Resources */ = {isa = PBXBuildFile; fileRef = 523E31081D4B27C000377F10 /* backgrnd1.jpg */; };
		523E310C1D4B297E00377F10 /* StudentRegisterDetails+CoreDataProperties.swift in Sources */ = {isa = PBXBuildFile; fileRef = 523E310A1D4B297E00377F10 /* StudentRegisterDetails+CoreDataProperties.swift */; };
		523E310D1D4B297E00377F10 /* StudentRegisterDetails.swift in Sources */ = {isa = PBXBuildFile; fileRef = 523E310B1D4B297E00377F10 /* StudentRegisterDetails.swift */; };
		523E310F1D4B2E4D00377F10 /* StudentViewController.swift in Sources */ = {isa = PBXBuildFile; fileRef = 523E310E1D4B2E4D00377F10 /* StudentViewController.swift */; };
		523E31111D4B32FA00377F10 /* ParticipatingCompaniesViewController.swift in Sources */ = {isa = PBXBuildFile; fileRef = 523E31101D4B32FA00377F10 /* ParticipatingCompaniesViewController.swift */; };
		523E31171D4B34F600377F10 /* CompanyTableViewCell.swift in Sources */ = {isa = PBXBuildFile; fileRef = 523E31161D4B34F600377F10 /* CompanyTableViewCell.swift */; };
		523E311D1D4B37EB00377F10 /* Calendar-27.png in Resources */ = {isa = PBXBuildFile; fileRef = 523E311C1D4B37EB00377F10 /* Calendar-27.png */; };
		523E311F1D4B37F500377F10 /* Alarm Clock-27.png in Resources */ = {isa = PBXBuildFile; fileRef = 523E311E1D4B37F500377F10 /* Alarm Clock-27.png */; };
		523E31251D4B4EFA00377F10 /* CompanyDetailsViewController.swift in Sources */ = {isa = PBXBuildFile; fileRef = 523E31241D4B4EFA00377F10 /* CompanyDetailsViewController.swift */; };
		523E31281D4B557400377F10 /* check.png in Resources */ = {isa = PBXBuildFile; fileRef = 523E31261D4B557400377F10 /* check.png */; };
		523E31291D4B557400377F10 /* cross.png in Resources */ = {isa = PBXBuildFile; fileRef = 523E31271D4B557400377F10 /* cross.png */; };
		523E31341D4B69EC00377F10 /* CompanyDetails+CoreDataProperties.swift in Sources */ = {isa = PBXBuildFile; fileRef = 523E31321D4B69EC00377F10 /* CompanyDetails+CoreDataProperties.swift */; };
		523E31351D4B69EC00377F10 /* CompanyDetails.swift in Sources */ = {isa = PBXBuildFile; fileRef = 523E31331D4B69EC00377F10 /* CompanyDetails.swift */; };
		523E31381D4B725400377F10 /* FavouriteMeetingDetails+CoreDataProperties.swift in Sources */ = {isa = PBXBuildFile; fileRef = 523E31361D4B725400377F10 /* FavouriteMeetingDetails+CoreDataProperties.swift */; };
		523E31391D4B725400377F10 /* FavouriteMeetingDetails.swift in Sources */ = {isa = PBXBuildFile; fileRef = 523E31371D4B725400377F10 /* FavouriteMeetingDetails.swift */; };
		527461221D4B1A4D0020347E /* AppDelegate.swift in Sources */ = {isa = PBXBuildFile; fileRef = 527461211D4B1A4D0020347E /* AppDelegate.swift */; };
		527461241D4B1A4D0020347E /* ViewController.swift in Sources */ = {isa = PBXBuildFile; fileRef = 527461231D4B1A4D0020347E /* ViewController.swift */; };
		527461271D4B1A4D0020347E /* Main.storyboard in Resources */ = {isa = PBXBuildFile; fileRef = 527461251D4B1A4D0020347E /* Main.storyboard */; };
		5274612A1D4B1A4D0020347E /* ITMeeting.xcdatamodeld in Sources */ = {isa = PBXBuildFile; fileRef = 527461281D4B1A4D0020347E /* ITMeeting.xcdatamodeld */; };
		5274612C1D4B1A4D0020347E /* Assets.xcassets in Resources */ = {isa = PBXBuildFile; fileRef = 5274612B1D4B1A4D0020347E /* Assets.xcassets */; };
		5274612F1D4B1A4D0020347E /* LaunchScreen.storyboard in Resources */ = {isa = PBXBuildFile; fileRef = 5274612D1D4B1A4D0020347E /* LaunchScreen.storyboard */; };
		527461371D4B1AA90020347E /* meeting.jpeg in Resources */ = {isa = PBXBuildFile; fileRef = 527461361D4B1AA90020347E /* meeting.jpeg */; };
		E5DB91161D4B9F8E00635B98 /* AttendingViewController.swift in Sources */ = {isa = PBXBuildFile; fileRef = E5DB91151D4B9F8E00635B98 /* AttendingViewController.swift */; };
		E5DB91181D4BBCE700635B98 /* backgrnd.jpg in Resources */ = {isa = PBXBuildFile; fileRef = E5DB91171D4BBCE700635B98 /* backgrnd.jpg */; };
		E5F2081F1D4CA92C00774F85 /* CreditsViewController.swift in Sources */ = {isa = PBXBuildFile; fileRef = E5F2081E1D4CA92C00774F85 /* CreditsViewController.swift */; };
		E5F208211D4CAA2F00774F85 /* collegeLogo.jpeg in Resources */ = {isa = PBXBuildFile; fileRef = E5F208201D4CAA2F00774F85 /* collegeLogo.jpeg */; };
/* End PBXBuildFile section */

/* Begin PBXFileReference section */
		523E31041D4B240600377F10 /* CoreDataHelper.swift */ = {isa = PBXFileReference; fileEncoding = 4; lastKnownFileType = sourcecode.swift; path = CoreDataHelper.swift; sourceTree = "<group>"; };
		523E31061D4B244000377F10 /* RegisterViewController.swift */ = {isa = PBXFileReference; fileEncoding = 4; lastKnownFileType = sourcecode.swift; path = RegisterViewController.swift; sourceTree = "<group>"; };
		523E31081D4B27C000377F10 /* backgrnd1.jpg */ = {isa = PBXFileReference; lastKnownFileType = image.jpeg; path = backgrnd1.jpg; sourceTree = "<group>"; };
		523E310A1D4B297E00377F10 /* StudentRegisterDetails+CoreDataProperties.swift */ = {isa = PBXFileReference; fileEncoding = 4; lastKnownFileType = sourcecode.swift; path = "StudentRegisterDetails+CoreDataProperties.swift"; sourceTree = "<group>"; };
		523E310B1D4B297E00377F10 /* StudentRegisterDetails.swift */ = {isa = PBXFileReference; fileEncoding = 4; lastKnownFileType = sourcecode.swift; path = StudentRegisterDetails.swift; sourceTree = "<group>"; };
		523E310E1D4B2E4D00377F10 /* StudentViewController.swift */ = {isa = PBXFileReference; fileEncoding = 4; lastKnownFileType = sourcecode.swift; path = StudentViewController.swift; sourceTree = "<group>"; };
		523E31101D4B32FA00377F10 /* ParticipatingCompaniesViewController.swift */ = {isa = PBXFileReference; fileEncoding = 4; lastKnownFileType = sourcecode.swift; path = ParticipatingCompaniesViewController.swift; sourceTree = "<group>"; };
		523E31161D4B34F600377F10 /* CompanyTableViewCell.swift */ = {isa = PBXFileReference; fileEncoding = 4; lastKnownFileType = sourcecode.swift; path = CompanyTableViewCell.swift; sourceTree = "<group>"; };
		523E311C1D4B37EB00377F10 /* Calendar-27.png */ = {isa = PBXFileReference; lastKnownFileType = image.png; path = "Calendar-27.png"; sourceTree = "<group>"; };
		523E311E1D4B37F500377F10 /* Alarm Clock-27.png */ = {isa = PBXFileReference; lastKnownFileType = image.png; path = "Alarm Clock-27.png"; sourceTree = "<group>"; };
		523E31241D4B4EFA00377F10 /* CompanyDetailsViewController.swift */ = {isa = PBXFileReference; fileEncoding = 4; lastKnownFileType = sourcecode.swift; path = CompanyDetailsViewController.swift; sourceTree = "<group>"; };
		523E31261D4B557400377F10 /* check.png */ = {isa = PBXFileReference; lastKnownFileType = image.png; path = check.png; sourceTree = "<group>"; };
		523E31271D4B557400377F10 /* cross.png */ = {isa = PBXFileReference; lastKnownFileType = image.png; path = cross.png; sourceTree = "<group>"; };
		523E31321D4B69EC00377F10 /* CompanyDetails+CoreDataProperties.swift */ = {isa = PBXFileReference; fileEncoding = 4; lastKnownFileType = sourcecode.swift; path = "CompanyDetails+CoreDataProperties.swift"; sourceTree = "<group>"; };
		523E31331D4B69EC00377F10 /* CompanyDetails.swift */ = {isa = PBXFileReference; fileEncoding = 4; lastKnownFileType = sourcecode.swift; path = CompanyDetails.swift; sourceTree = "<group>"; };
		523E31361D4B725400377F10 /* FavouriteMeetingDetails+CoreDataProperties.swift */ = {isa = PBXFileReference; fileEncoding = 4; lastKnownFileType = sourcecode.swift; path = "FavouriteMeetingDetails+CoreDataProperties.swift"; sourceTree = "<group>"; };
		523E31371D4B725400377F10 /* FavouriteMeetingDetails.swift */ = {isa = PBXFileReference; fileEncoding = 4; lastKnownFileType = sourcecode.swift; path = FavouriteMeetingDetails.swift; sourceTree = "<group>"; };
		5274611E1D4B1A4D0020347E /* ITMeeting.app */ = {isa = PBXFileReference; explicitFileType = wrapper.application; includeInIndex = 0; path = ITMeeting.app; sourceTree = BUILT_PRODUCTS_DIR; };
		527461211D4B1A4D0020347E /* AppDelegate.swift */ = {isa = PBXFileReference; lastKnownFileType = sourcecode.swift; path = AppDelegate.swift; sourceTree = "<group>"; };
		527461231D4B1A4D0020347E /* ViewController.swift */ = {isa = PBXFileReference; lastKnownFileType = sourcecode.swift; path = ViewController.swift; sourceTree = "<group>"; };
		527461261D4B1A4D0020347E /* Base */ = {isa = PBXFileReference; lastKnownFileType = file.storyboard; name = Base; path = Base.lproj/Main.storyboard; sourceTree = "<group>"; };
		527461291D4B1A4D0020347E /* ITMeeting.xcdatamodel */ = {isa = PBXFileReference; lastKnownFileType = wrapper.xcdatamodel; path = ITMeeting.xcdatamodel; sourceTree = "<group>"; };
		5274612B1D4B1A4D0020347E /* Assets.xcassets */ = {isa = PBXFileReference; lastKnownFileType = folder.assetcatalog; path = Assets.xcassets; sourceTree = "<group>"; };
		5274612E1D4B1A4D0020347E /* Base */ = {isa = PBXFileReference; lastKnownFileType = file.storyboard; name = Base; path = Base.lproj/LaunchScreen.storyboard; sourceTree = "<group>"; };
		527461301D4B1A4D0020347E /* Info.plist */ = {isa = PBXFileReference; lastKnownFileType = text.plist.xml; path = Info.plist; sourceTree = "<group>"; };
		527461361D4B1AA90020347E /* meeting.jpeg */ = {isa = PBXFileReference; lastKnownFileType = image.jpeg; path = meeting.jpeg; sourceTree = "<group>"; };
		E5DB91151D4B9F8E00635B98 /* AttendingViewController.swift */ = {isa = PBXFileReference; fileEncoding = 4; lastKnownFileType = sourcecode.swift; path = AttendingViewController.swift; sourceTree = "<group>"; };
		E5DB91171D4BBCE700635B98 /* backgrnd.jpg */ = {isa = PBXFileReference; lastKnownFileType = image.jpeg; path = backgrnd.jpg; sourceTree = "<group>"; };
		E5F2081E1D4CA92C00774F85 /* CreditsViewController.swift */ = {isa = PBXFileReference; fileEncoding = 4; lastKnownFileType = sourcecode.swift; path = CreditsViewController.swift; sourceTree = "<group>"; };
		E5F208201D4CAA2F00774F85 /* collegeLogo.jpeg */ = {isa = PBXFileReference; lastKnownFileType = image.jpeg; path = collegeLogo.jpeg; sourceTree = "<group>"; };
/* End PBXFileReference section */

/* Begin PBXFrameworksBuildPhase section */
		5274611B1D4B1A4D0020347E /* Frameworks */ = {
			isa = PBXFrameworksBuildPhase;
			buildActionMask = 2147483647;
			files = (
			);
			runOnlyForDeploymentPostprocessing = 0;
		};
/* End PBXFrameworksBuildPhase section */

/* Begin PBXGroup section */
		527461151D4B1A4D0020347E = {
			isa = PBXGroup;
			children = (
				527461201D4B1A4D0020347E /* ITMeeting */,
				5274611F1D4B1A4D0020347E /* Products */,
			);
			sourceTree = "<group>";
		};
		5274611F1D4B1A4D0020347E /* Products */ = {
			isa = PBXGroup;
			children = (
				5274611E1D4B1A4D0020347E /* ITMeeting.app */,
			);
			name = Products;
			sourceTree = "<group>";
		};
		527461201D4B1A4D0020347E /* ITMeeting */ = {
			isa = PBXGroup;
			children = (
				E5F208251D4CB05900774F85 /* CoreData */,
				E5F208221D4CB03600774F85 /* Images */,
				E5F208231D4CB04500774F85 /* ViewControllers */,
				E5F208241D4CB04F00774F85 /* Storyboard */,
				5274612B1D4B1A4D0020347E /* Assets.xcassets */,
				5274612D1D4B1A4D0020347E /* LaunchScreen.storyboard */,
				527461301D4B1A4D0020347E /* Info.plist */,
			);
			path = ITMeeting;
			sourceTree = "<group>";
		};
		E5F208221D4CB03600774F85 /* Images */ = {
			isa = PBXGroup;
			children = (
				523E311C1D4B37EB00377F10 /* Calendar-27.png */,
				527461361D4B1AA90020347E /* meeting.jpeg */,
				523E31261D4B557400377F10 /* check.png */,
				E5DB91171D4BBCE700635B98 /* backgrnd.jpg */,
				523E31271D4B557400377F10 /* cross.png */,
				E5F208201D4CAA2F00774F85 /* collegeLogo.jpeg */,
				523E311E1D4B37F500377F10 /* Alarm Clock-27.png */,
				523E31081D4B27C000377F10 /* backgrnd1.jpg */,
			);
			name = Images;
			sourceTree = "<group>";
		};
		E5F208231D4CB04500774F85 /* ViewControllers */ = {
			isa = PBXGroup;
			children = (
				527461211D4B1A4D0020347E /* AppDelegate.swift */,
				527461231D4B1A4D0020347E /* ViewController.swift */,
				523E31061D4B244000377F10 /* RegisterViewController.swift */,
				523E310E1D4B2E4D00377F10 /* StudentViewController.swift */,
				523E31101D4B32FA00377F10 /* ParticipatingCompaniesViewController.swift */,
				523E31241D4B4EFA00377F10 /* CompanyDetailsViewController.swift */,
				E5DB91151D4B9F8E00635B98 /* AttendingViewController.swift */,
				523E31161D4B34F600377F10 /* CompanyTableViewCell.swift */,
				E5F2081E1D4CA92C00774F85 /* CreditsViewController.swift */,
				523E31041D4B240600377F10 /* CoreDataHelper.swift */,
			);
			name = ViewControllers;
			sourceTree = "<group>";
		};
		E5F208241D4CB04F00774F85 /* Storyboard */ = {
			isa = PBXGroup;
			children = (
				527461251D4B1A4D0020347E /* Main.storyboard */,
			);
			name = Storyboard;
			sourceTree = "<group>";
		};
		E5F208251D4CB05900774F85 /* CoreData */ = {
			isa = PBXGroup;
			children = (
				527461281D4B1A4D0020347E /* ITMeeting.xcdatamodeld */,
				523E31361D4B725400377F10 /* FavouriteMeetingDetails+CoreDataProperties.swift */,
				523E31371D4B725400377F10 /* FavouriteMeetingDetails.swift */,
				523E31321D4B69EC00377F10 /* CompanyDetails+CoreDataProperties.swift */,
				523E31331D4B69EC00377F10 /* CompanyDetails.swift */,
				523E310A1D4B297E00377F10 /* StudentRegisterDetails+CoreDataProperties.swift */,
				523E310B1D4B297E00377F10 /* StudentRegisterDetails.swift */,
			);
			name = CoreData;
			sourceTree = "<group>";
		};
/* End PBXGroup section */

/* Begin PBXNativeTarget section */
		5274611D1D4B1A4D0020347E /* ITMeeting */ = {
			isa = PBXNativeTarget;
			buildConfigurationList = 527461331D4B1A4D0020347E /* Build configuration list for PBXNativeTarget "ITMeeting" */;
			buildPhases = (
				5274611A1D4B1A4D0020347E /* Sources */,
				5274611B1D4B1A4D0020347E /* Frameworks */,
				5274611C1D4B1A4D0020347E /* Resources */,
			);
			buildRules = (
			);
			dependencies = (
			);
			name = ITMeeting;
			productName = ITMeeting;
			productReference = 5274611E1D4B1A4D0020347E /* ITMeeting.app */;
			productType = "com.apple.product-type.application";
		};
/* End PBXNativeTarget section */

/* Begin PBXProject section */
		527461161D4B1A4D0020347E /* Project object */ = {
			isa = PBXProject;
			attributes = {
				LastSwiftUpdateCheck = 0730;
				LastUpgradeCheck = 0730;
				ORGANIZATIONNAME = ITMeeting;
				TargetAttributes = {
					5274611D1D4B1A4D0020347E = {
						CreatedOnToolsVersion = 7.3.1;
					};
				};
			};
			buildConfigurationList = 527461191D4B1A4D0020347E /* Build configuration list for PBXProject "ITMeeting" */;
			compatibilityVersion = "Xcode 3.2";
			developmentRegion = English;
			hasScannedForEncodings = 0;
			knownRegions = (
				en,
				Base,
			);
			mainGroup = 527461151D4B1A4D0020347E;
			productRefGroup = 5274611F1D4B1A4D0020347E /* Products */;
			projectDirPath = "";
			projectRoot = "";
			targets = (
				5274611D1D4B1A4D0020347E /* ITMeeting */,
			);
		};
/* End PBXProject section */

/* Begin PBXResourcesBuildPhase section */
		5274611C1D4B1A4D0020347E /* Resources */ = {
			isa = PBXResourcesBuildPhase;
			buildActionMask = 2147483647;
			files = (
				523E31291D4B557400377F10 /* cross.png in Resources */,
				523E31091D4B27C000377F10 /* backgrnd1.jpg in Resources */,
				E5DB91181D4BBCE700635B98 /* backgrnd.jpg in Resources */,
				527461371D4B1AA90020347E /* meeting.jpeg in Resources */,
				5274612F1D4B1A4D0020347E /* LaunchScreen.storyboard in Resources */,
				523E311F1D4B37F500377F10 /* Alarm Clock-27.png in Resources */,
				5274612C1D4B1A4D0020347E /* Assets.xcassets in Resources */,
				E5F208211D4CAA2F00774F85 /* collegeLogo.jpeg in Resources */,
				523E311D1D4B37EB00377F10 /* Calendar-27.png in Resources */,
				527461271D4B1A4D0020347E /* Main.storyboard in Resources */,
				523E31281D4B557400377F10 /* check.png in Resources */,
			);
			runOnlyForDeploymentPostprocessing = 0;
		};
/* End PBXResourcesBuildPhase section */

/* Begin PBXSourcesBuildPhase section */
		5274611A1D4B1A4D0020347E /* Sources */ = {
			isa = PBXSourcesBuildPhase;
			buildActionMask = 2147483647;
			files = (
				E5DB91161D4B9F8E00635B98 /* AttendingViewController.swift in Sources */,
				527461241D4B1A4D0020347E /* ViewController.swift in Sources */,
				523E31391D4B725400377F10 /* FavouriteMeetingDetails.swift in Sources */,
				523E31071D4B244000377F10 /* RegisterViewController.swift in Sources */,
				523E31111D4B32FA00377F10 /* ParticipatingCompaniesViewController.swift in Sources */,
				523E310D1D4B297E00377F10 /* StudentRegisterDetails.swift in Sources */,
				E5F2081F1D4CA92C00774F85 /* CreditsViewController.swift in Sources */,
				523E31381D4B725400377F10 /* FavouriteMeetingDetails+CoreDataProperties.swift in Sources */,
				527461221D4B1A4D0020347E /* AppDelegate.swift in Sources */,
				523E31351D4B69EC00377F10 /* CompanyDetails.swift in Sources */,
				523E31171D4B34F600377F10 /* CompanyTableViewCell.swift in Sources */,
				523E31341D4B69EC00377F10 /* CompanyDetails+CoreDataProperties.swift in Sources */,
				523E310F1D4B2E4D00377F10 /* StudentViewController.swift in Sources */,
				523E31051D4B240600377F10 /* CoreDataHelper.swift in Sources */,
				523E31251D4B4EFA00377F10 /* CompanyDetailsViewController.swift in Sources */,
				5274612A1D4B1A4D0020347E /* ITMeeting.xcdatamodeld in Sources */,
				523E310C1D4B297E00377F10 /* StudentRegisterDetails+CoreDataProperties.swift in Sources */,
			);
			runOnlyForDeploymentPostprocessing = 0;
		};
/* End PBXSourcesBuildPhase section */

/* Begin PBXVariantGroup section */
		527461251D4B1A4D0020347E /* Main.storyboard */ = {
			isa = PBXVariantGroup;
			children = (
				527461261D4B1A4D0020347E /* Base */,
			);
			name = Main.storyboard;
			sourceTree = "<group>";
		};
		5274612D1D4B1A4D0020347E /* LaunchScreen.storyboard */ = {
			isa = PBXVariantGroup;
			children = (
				5274612E1D4B1A4D0020347E /* Base */,
			);
			name = LaunchScreen.storyboard;
			sourceTree = "<group>";
		};
/* End PBXVariantGroup section */

/* Begin XCBuildConfiguration section */
		527461311D4B1A4D0020347E /* Debug */ = {
			isa = XCBuildConfiguration;
			buildSettings = {
				ALWAYS_SEARCH_USER_PATHS = NO;
				CLANG_ANALYZER_NONNULL = YES;
				CLANG_CXX_LANGUAGE_STANDARD = "gnu++0x";
				CLANG_CXX_LIBRARY = "libc++";
				CLANG_ENABLE_MODULES = YES;
				CLANG_ENABLE_OBJC_ARC = YES;
				CLANG_WARN_BOOL_CONVERSION = YES;
				CLANG_WARN_CONSTANT_CONVERSION = YES;
				CLANG_WARN_DIRECT_OBJC_ISA_USAGE = YES_ERROR;
				CLANG_WARN_EMPTY_BODY = YES;
				CLANG_WARN_ENUM_CONVERSION = YES;
				CLANG_WARN_INT_CONVERSION = YES;
				CLANG_WARN_OBJC_ROOT_CLASS = YES_ERROR;
				CLANG_WARN_UNREACHABLE_CODE = YES;
				CLANG_WARN__DUPLICATE_METHOD_MATCH = YES;
				"CODE_SIGN_IDENTITY[sdk=iphoneos*]" = "iPhone Developer";
				COPY_PHASE_STRIP = NO;
				DEBUG_INFORMATION_FORMAT = dwarf;
				ENABLE_STRICT_OBJC_MSGSEND = YES;
				ENABLE_TESTABILITY = YES;
				GCC_C_LANGUAGE_STANDARD = gnu99;
				GCC_DYNAMIC_NO_PIC = NO;
				GCC_NO_COMMON_BLOCKS = YES;
				GCC_OPTIMIZATION_LEVEL = 0;
				GCC_PREPROCESSOR_DEFINITIONS = (
					"DEBUG=1",
					"$(inherited)",
				);
				GCC_WARN_64_TO_32_BIT_CONVERSION = YES;
				GCC_WARN_ABOUT_RETURN_TYPE = YES_ERROR;
				GCC_WARN_UNDECLARED_SELECTOR = YES;
				GCC_WARN_UNINITIALIZED_AUTOS = YES_AGGRESSIVE;
				GCC_WARN_UNUSED_FUNCTION = YES;
				GCC_WARN_UNUSED_VARIABLE = YES;
				IPHONEOS_DEPLOYMENT_TARGET = 9.3;
				MTL_ENABLE_DEBUG_INFO = YES;
				ONLY_ACTIVE_ARCH = YES;
				SDKROOT = iphoneos;
				SWIFT_OPTIMIZATION_LEVEL = "-Onone";
			};
			name = Debug;
		};
		527461321D4B1A4D0020347E /* Release */ = {
			isa = XCBuildConfiguration;
			buildSettings = {
				ALWAYS_SEARCH_USER_PATHS = NO;
				CLANG_ANALYZER_NONNULL = YES;
				CLANG_CXX_LANGUAGE_STANDARD = "gnu++0x";
				CLANG_CXX_LIBRARY = "libc++";
				CLANG_ENABLE_MODULES = YES;
				CLANG_ENABLE_OBJC_ARC = YES;
				CLANG_WARN_BOOL_CONVERSION = YES;
				CLANG_WARN_CONSTANT_CONVERSION = YES;
				CLANG_WARN_DIRECT_OBJC_ISA_USAGE = YES_ERROR;
				CLANG_WARN_EMPTY_BODY = YES;
				CLANG_WARN_ENUM_CONVERSION = YES;
				CLANG_WARN_INT_CONVERSION = YES;
				CLANG_WARN_OBJC_ROOT_CLASS = YES_ERROR;
				CLANG_WARN_UNREACHABLE_CODE = YES;
				CLANG_WARN__DUPLICATE_METHOD_MATCH = YES;
				"CODE_SIGN_IDENTITY[sdk=iphoneos*]" = "iPhone Developer";
				COPY_PHASE_STRIP = NO;
				DEBUG_INFORMATION_FORMAT = "dwarf-with-dsym";
				ENABLE_NS_ASSERTIONS = NO;
				ENABLE_STRICT_OBJC_MSGSEND = YES;
				GCC_C_LANGUAGE_STANDARD = gnu99;
				GCC_NO_COMMON_BLOCKS = YES;
				GCC_WARN_64_TO_32_BIT_CONVERSION = YES;
				GCC_WARN_ABOUT_RETURN_TYPE = YES_ERROR;
				GCC_WARN_UNDECLARED_SELECTOR = YES;
				GCC_WARN_UNINITIALIZED_AUTOS = YES_AGGRESSIVE;
				GCC_WARN_UNUSED_FUNCTION = YES;
				GCC_WARN_UNUSED_VARIABLE = YES;
				IPHONEOS_DEPLOYMENT_TARGET = 9.3;
				MTL_ENABLE_DEBUG_INFO = NO;
				SDKROOT = iphoneos;
				VALIDATE_PRODUCT = YES;
			};
			name = Release;
		};
		527461341D4B1A4D0020347E /* Debug */ = {
			isa = XCBuildConfiguration;
			buildSettings = {
				ASSETCATALOG_COMPILER_APPICON_NAME = AppIcon;
				INFOPLIST_FILE = ITMeeting/Info.plist;
				LD_RUNPATH_SEARCH_PATHS = "$(inherited) @executable_path/Frameworks";
				PRODUCT_BUNDLE_IDENTIFIER = ITMeeting.ITMeeting;
				PRODUCT_NAME = "$(TARGET_NAME)";
			};
			name = Debug;
		};
		527461351D4B1A4D0020347E /* Release */ = {
			isa = XCBuildConfiguration;
			buildSettings = {
				ASSETCATALOG_COMPILER_APPICON_NAME = AppIcon;
				INFOPLIST_FILE = ITMeeting/Info.plist;
				LD_RUNPATH_SEARCH_PATHS = "$(inherited) @executable_path/Frameworks";
				PRODUCT_BUNDLE_IDENTIFIER = ITMeeting.ITMeeting;
				PRODUCT_NAME = "$(TARGET_NAME)";
			};
			name = Release;
		};
/* End XCBuildConfiguration section */

/* Begin XCConfigurationList section */
		527461191D4B1A4D0020347E /* Build configuration list for PBXProject "ITMeeting" */ = {
			isa = XCConfigurationList;
			buildConfigurations = (
				527461311D4B1A4D0020347E /* Debug */,
				527461321D4B1A4D0020347E /* Release */,
			);
			defaultConfigurationIsVisible = 0;
			defaultConfigurationName = Release;
		};
		527461331D4B1A4D0020347E /* Build configuration list for PBXNativeTarget "ITMeeting" */ = {
			isa = XCConfigurationList;
			buildConfigurations = (
				527461341D4B1A4D0020347E /* Debug */,
				527461351D4B1A4D0020347E /* Release */,
			);
			defaultConfigurationIsVisible = 0;
			defaultConfigurationName = Release;
		};
/* End XCConfigurationList section */

/* Begin XCVersionGroup section */
		527461281D4B1A4D0020347E /* ITMeeting.xcdatamodeld */ = {
			isa = XCVersionGroup;
			children = (
				527461291D4B1A4D0020347E /* ITMeeting.xcdatamodel */,
			);
			currentVersion = 527461291D4B1A4D0020347E /* ITMeeting.xcdatamodel */;
			path = ITMeeting.xcdatamodeld;
			sourceTree = "<group>";
			versionGroupType = wrapper.xcdatamodel;
		};
/* End XCVersionGroup section */
	};
	rootObject = 527461161D4B1A4D0020347E /* Project object */;
}
